
Microsoft Visual Studio Solution File, Format Version 12.00
# Visual Studio Version 16
VisualStudioVersion = 16.0.31605.320
MinimumVisualStudioVersion = 10.0.40219.1
Project("{8BC9CEB8-8B4A-11D0-8D11-00A0C91BC942}") = "Client", "Asteroids\Asteroids.vcxproj", "{89781C53-4E3B-4725-959C-BC95BEACE55E}"
EndProject
Global
	GlobalSection(SolutionConfigurationPlatforms) = preSolution
		Debug|x64 = Debug|x64
		Release|x64 = Release|x64
	EndGlobalSection
	GlobalSection(ProjectConfigurationPlatforms) = postSolution
		{89781C53-4E3B-4725-959C-BC95BEACE55E}.Debug|x64.ActiveCfg = Debug|x64
		{89781C53-4E3B-4725-959C-BC95BEACE55E}.Debug|x64.Build.0 = Debug|x64
		{89781C53-4E3B-4725-959C-BC95BEACE55E}.Release|x64.ActiveCfg = Release|x64
		{89781C53-4E3B-4725-959C-BC95BEACE55E}.Release|x64.Build.0 = Release|x64
	EndGlobalSection
	GlobalSection(SolutionProperties) = preSolution
		HideSolutionNode = FALSE
	EndGlobalSection
	GlobalSection(ExtensibilityGlobals) = postSolution
		SolutionGuid = {90D22369-E5BE-4D23-890E-50D884DAB91D}
	EndGlobalSection
EndGlobal
