<?xml version="1.0" encoding="utf-8"?>
<Project ToolsVersion="4.0" xmlns="http://schemas.microsoft.com/developer/msbuild/2003">
  <ItemGroup>
    <Filter Include="Resources">
      <UniqueIdentifier>{ca268cf2-c449-4ce1-ae90-0a2772ac9367}</UniqueIdentifier>
    </Filter>
    <Filter Include="Asteroids">
      <UniqueIdentifier>{13c2f93a-dad4-41fe-856d-5ece6ad6ce2c}</UniqueIdentifier>
    </Filter>
    <Filter Include="Asteroids\Application">
      <UniqueIdentifier>{18e743f0-f38f-41b3-a96e-6f80ed94fdc6}</UniqueIdentifier>
    </Filter>
    <Filter Include="Asteroids\PCH">
      <UniqueIdentifier>{bbfb7ac7-cbff-488d-9648-30f6d55f7492}</UniqueIdentifier>
    </Filter>
    <Filter Include="Asteroids\Scenes">
      <UniqueIdentifier>{23a34533-209a-4680-8105-230e7d537c87}</UniqueIdentifier>
    </Filter>
    <Filter Include="Asteroids\Scenes\Manager">
      <UniqueIdentifier>{8fb4430c-8183-46d5-9ed4-2c87fb51e27f}</UniqueIdentifier>
    </Filter>
    <Filter Include="Asteroids\Scenes\MainMenu">
      <UniqueIdentifier>{d6134302-6e22-441d-9af3-31dd1a0dfe0f}</UniqueIdentifier>
    </Filter>
    <Filter Include="Asteroids\ECS">
      <UniqueIdentifier>{81e53e69-8cad-44e7-aaeb-578c718c0952}</UniqueIdentifier>
    </Filter>
    <Filter Include="Asteroids\ECS\Components">
      <UniqueIdentifier>{af123053-2396-4c7a-8761-96e402a747b5}</UniqueIdentifier>
    </Filter>
    <Filter Include="Asteroids\ECS\Prefabs">
      <UniqueIdentifier>{d6b79530-b794-4e70-aac4-8f11905565c2}</UniqueIdentifier>
    </Filter>
    <Filter Include="Asteroids\ECS\Systems">
      <UniqueIdentifier>{abe08da7-4b6f-4f0a-865f-7f602a8b1c9e}</UniqueIdentifier>
    </Filter>
    <Filter Include="Asteroids\Utils">
      <UniqueIdentifier>{a3e7af64-a4e1-472e-b5fc-f9af8181caf9}</UniqueIdentifier>
    </Filter>
    <Filter Include="Asteroids\GUI">
      <UniqueIdentifier>{81d4889d-73f6-41d7-9cad-4936bdf3697d}</UniqueIdentifier>
    </Filter>
  </ItemGroup>
  <ItemGroup>
    <ClCompile Include="src\application\Application.cpp">
      <Filter>Asteroids\Application</Filter>
    </ClCompile>
    <ClCompile Include="src\pch.cpp">
      <Filter>Asteroids\PCH</Filter>
    </ClCompile>
    <ClCompile Include="src\application\Core.cpp">
      <Filter>Asteroids\Application</Filter>
    </ClCompile>
    <ClCompile Include="src\scenes\SceneManager.cpp">
      <Filter>Asteroids\Scenes\Manager</Filter>
    </ClCompile>
    <ClCompile Include="src\scenes\SceneMainMenu.cpp">
      <Filter>Asteroids\Scenes\MainMenu</Filter>
    </ClCompile>
    <ClCompile Include="src\Main.cpp">
      <Filter>Asteroids</Filter>
    </ClCompile>
    <ClCompile Include="src\systems\Systems.cpp">
      <Filter>Asteroids\ECS\Systems</Filter>
    </ClCompile>
  </ItemGroup>
  <ItemGroup>
    <ClInclude Include="src\application\Application.h">
      <Filter>Asteroids\Application</Filter>
    </ClInclude>
    <ClInclude Include="src\pch.h">
      <Filter>Asteroids\PCH</Filter>
    </ClInclude>
    <ClInclude Include="src\application\Core.h">
      <Filter>Asteroids\Application</Filter>
    </ClInclude>
    <ClInclude Include="src\scenes\Scene.h">
      <Filter>Asteroids\Scenes</Filter>
    </ClInclude>
    <ClInclude Include="src\scenes\SceneManager.h">
      <Filter>Asteroids\Scenes\Manager</Filter>
    </ClInclude>
    <ClInclude Include="src\scenes\SceneMainMenu.h">
      <Filter>Asteroids\Scenes\MainMenu</Filter>
    </ClInclude>
    <ClInclude Include="src\components\Components.h">
      <Filter>Asteroids\ECS\Components</Filter>
    </ClInclude>
    <ClInclude Include="src\systems\Systems.h">
      <Filter>Asteroids\ECS\Systems</Filter>
    </ClInclude>
    <ClInclude Include="src\utils\Vector.h">
      <Filter>Asteroids\Utils</Filter>
    </ClInclude>
    <ClInclude Include="src\prefabs\Ship.h">
      <Filter>Asteroids\ECS\Prefabs</Filter>
    </ClInclude>
    <ClInclude Include="src\prefabs\Bullet.h">
      <Filter>Asteroids\ECS\Prefabs</Filter>
    </ClInclude>
    <ClInclude Include="src\prefabs\Asteroid.h">
      <Filter>Asteroids\ECS\Prefabs</Filter>
    </ClInclude>
    <ClInclude Include="src\utils\Random.h">
      <Filter>Asteroids\Utils</Filter>
    </ClInclude>
    <ClInclude Include="src\components\RawData.h">
      <Filter>Asteroids\ECS\Components</Filter>
    </ClInclude>
  </ItemGroup>
  <ItemGroup>
    <Font Include="res\free-pixel.ttf">
      <Filter>Resources</Filter>
    </Font>
  </ItemGroup>
</Project>