<?xml version="1.0" encoding="utf-8"?>
<Project ToolsVersion="4.0" xmlns="http://schemas.microsoft.com/developer/msbuild/2003">
  <ItemGroup>
    <Filter Include="Resources">
      <UniqueIdentifier>{ca268cf2-c449-4ce1-ae90-0a2772ac9367}</UniqueIdentifier>
    </Filter>
    <Filter Include="Asteroids">
      <UniqueIdentifier>{13c2f93a-dad4-41fe-856d-5ece6ad6ce2c}</UniqueIdentifier>
    </Filter>
    <Filter Include="Asteroids\Application">
      <UniqueIdentifier>{18e743f0-f38f-41b3-a96e-6f80ed94fdc6}</UniqueIdentifier>
    </Filter>
    <Filter Include="Asteroids\PCH">
      <UniqueIdentifier>{bbfb7ac7-cbff-488d-9648-30f6d55f7492}</UniqueIdentifier>
    </Filter>
    <Filter Include="Asteroids\Scenes">
      <UniqueIdentifier>{23a34533-209a-4680-8105-230e7d537c87}</UniqueIdentifier>
    </Filter>
    <Filter Include="Asteroids\Scenes\Manager">
      <UniqueIdentifier>{8fb4430c-8183-46d5-9ed4-2c87fb51e27f}</UniqueIdentifier>
    </Filter>
    <Filter Include="Asteroids\Scenes\MainMenu">
      <UniqueIdentifier>{d6134302-6e22-441d-9af3-31dd1a0dfe0f}</UniqueIdentifier>
    </Filter>
    <Filter Include="Asteroids\ECS">
      <UniqueIdentifier>{81e53e69-8cad-44e7-aaeb-578c718c0952}</UniqueIdentifier>
    </Filter>
    <Filter Include="Asteroids\ECS\Components">
      <UniqueIdentifier>{af123053-2396-4c7a-8761-96e402a747b5}</UniqueIdentifier>
    </Filter>
    <Filter Include="Asteroids\ECS\Prefabs">
      <UniqueIdentifier>{d6b79530-b794-4e70-aac4-8f11905565c2}</UniqueIdentifier>
    </Filter>
    <Filter Include="Asteroids\ECS\Systems">
      <UniqueIdentifier>{abe08da7-4b6f-4f0a-865f-7f602a8b1c9e}</UniqueIdentifier>
    </Filter>
    <Filter Include="Asteroids\Utils">
      <UniqueIdentifier>{a3e7af64-a4e1-472e-b5fc-f9af8181caf9}</UniqueIdentifier>
    </Filter>
    <Filter Include="Asteroids\GUI">
      <UniqueIdentifier>{81d4889d-73f6-41d7-9cad-4936bdf3697d}</UniqueIdentifier>
    </Filter>
    <Filter Include="Asteroids\GUI\Widget">
      <UniqueIdentifier>{b5858397-fe5b-4f6c-b18e-14606faeb161}</UniqueIdentifier>
    </Filter>
    <Filter Include="Asteroids\GUI\Label">
      <UniqueIdentifier>{ee27b071-a1fa-4df6-b288-a4e8890589df}</UniqueIdentifier>
    </Filter>
    <Filter Include="Asteroids\GUI\Button">
      <UniqueIdentifier>{64c9938e-4870-4e2a-929c-4fb61729eaab}</UniqueIdentifier>
    </Filter>
    <Filter Include="Asteroids\GUI\Container">
      <UniqueIdentifier>{522829e8-c796-4cbf-8aa6-1afcd162a51b}</UniqueIdentifier>
    </Filter>
    <Filter Include="Asteroids\Application\Window">
      <UniqueIdentifier>{158683fb-f32c-4379-a2b3-6f0467052368}</UniqueIdentifier>
    </Filter>
    <Filter Include="Asteroids\Scenes\SinglePlayer">
      <UniqueIdentifier>{ab5060e9-46b5-47be-a9c2-82e82902608e}</UniqueIdentifier>
    </Filter>
    <Filter Include="Asteroids\ECS\Systems\Collision">
      <UniqueIdentifier>{e9317056-41a5-4a8c-ba19-f6888c87a707}</UniqueIdentifier>
    </Filter>
    <Filter Include="Asteroids\ECS\Systems\Physics">
      <UniqueIdentifier>{4805fb0e-ff06-495c-929b-5ac7a002f784}</UniqueIdentifier>
    </Filter>
    <Filter Include="Asteroids\ECS\Systems\NPC">
      <UniqueIdentifier>{dcee6ceb-9ef9-4dd4-bfc4-2798b1d27937}</UniqueIdentifier>
    </Filter>
    <Filter Include="Asteroids\ECS\Systems\Player">
      <UniqueIdentifier>{b4c16f13-1dfb-45c7-8596-ad81694a26c4}</UniqueIdentifier>
    </Filter>
    <Filter Include="Asteroids\ECS\Systems\Misc">
      <UniqueIdentifier>{20381c69-2e9c-4125-8a6d-2bdf1128ec86}</UniqueIdentifier>
    </Filter>
  </ItemGroup>
  <ItemGroup>
    <ClCompile Include="src\application\Application.cpp">
      <Filter>Asteroids\Application</Filter>
    </ClCompile>
    <ClCompile Include="src\pch.cpp">
      <Filter>Asteroids\PCH</Filter>
    </ClCompile>
    <ClCompile Include="src\application\Core.cpp">
      <Filter>Asteroids\Application</Filter>
    </ClCompile>
    <ClCompile Include="src\scenes\SceneManager.cpp">
      <Filter>Asteroids\Scenes\Manager</Filter>
    </ClCompile>
    <ClCompile Include="src\scenes\SceneMainMenu.cpp">
      <Filter>Asteroids\Scenes\MainMenu</Filter>
    </ClCompile>
    <ClCompile Include="src\Main.cpp">
      <Filter>Asteroids</Filter>
    </ClCompile>
    <ClCompile Include="src\systems\Systems.cpp">
      <Filter>Asteroids\ECS\Systems</Filter>
    </ClCompile>
    <ClCompile Include="src\gui\container\Container.cpp">
      <Filter>Asteroids\GUI\Container</Filter>
    </ClCompile>
    <ClCompile Include="src\gui\button\Button.cpp">
      <Filter>Asteroids\GUI\Button</Filter>
    </ClCompile>
    <ClCompile Include="src\application\window\WindowHandler.cpp">
      <Filter>Asteroids\Application\Window</Filter>
    </ClCompile>
    <ClCompile Include="src\scenes\SceneSinglePlayer.cpp">
      <Filter>Asteroids\Scenes\SinglePlayer</Filter>
    </ClCompile>
  </ItemGroup>
  <ItemGroup>
    <ClInclude Include="src\application\Application.h">
      <Filter>Asteroids\Application</Filter>
    </ClInclude>
    <ClInclude Include="src\pch.h">
      <Filter>Asteroids\PCH</Filter>
    </ClInclude>
    <ClInclude Include="src\application\Core.h">
      <Filter>Asteroids\Application</Filter>
    </ClInclude>
    <ClInclude Include="src\scenes\Scene.h">
      <Filter>Asteroids\Scenes</Filter>
    </ClInclude>
    <ClInclude Include="src\scenes\SceneManager.h">
      <Filter>Asteroids\Scenes\Manager</Filter>
    </ClInclude>
    <ClInclude Include="src\scenes\SceneMainMenu.h">
      <Filter>Asteroids\Scenes\MainMenu</Filter>
    </ClInclude>
    <ClInclude Include="src\components\Components.h">
      <Filter>Asteroids\ECS\Components</Filter>
    </ClInclude>
    <ClInclude Include="src\systems\Systems.h">
      <Filter>Asteroids\ECS\Systems</Filter>
    </ClInclude>
    <ClInclude Include="src\utils\Vector.h">
      <Filter>Asteroids\Utils</Filter>
    </ClInclude>
    <ClInclude Include="src\prefabs\Ship.h">
      <Filter>Asteroids\ECS\Prefabs</Filter>
    </ClInclude>
    <ClInclude Include="src\prefabs\Bullet.h">
      <Filter>Asteroids\ECS\Prefabs</Filter>
    </ClInclude>
    <ClInclude Include="src\prefabs\Asteroid.h">
      <Filter>Asteroids\ECS\Prefabs</Filter>
    </ClInclude>
    <ClInclude Include="src\utils\Random.h">
      <Filter>Asteroids\Utils</Filter>
    </ClInclude>
    <ClInclude Include="src\components\RawData.h">
      <Filter>Asteroids\ECS\Components</Filter>
    </ClInclude>
    <ClInclude Include="src\gui\Widget.h">
      <Filter>Asteroids\GUI\Widget</Filter>
    </ClInclude>
    <ClInclude Include="src\gui\container\Container.h">
      <Filter>Asteroids\GUI\Container</Filter>
    </ClInclude>
    <ClInclude Include="src\gui\button\Button.h">
      <Filter>Asteroids\GUI\Button</Filter>
    </ClInclude>
    <ClInclude Include="src\gui\label\Label.h">
      <Filter>Asteroids\GUI\Label</Filter>
    </ClInclude>
    <ClInclude Include="src\utils\Utilities.h">
      <Filter>Asteroids\Utils</Filter>
    </ClInclude>
    <ClInclude Include="src\gui\GUI.h">
      <Filter>Asteroids\GUI</Filter>
    </ClInclude>
    <ClInclude Include="src\application\window\WindowHandler.h">
      <Filter>Asteroids\Application\Window</Filter>
    </ClInclude>
    <ClInclude Include="src\scenes\SceneSinglePlayer.h">
      <Filter>Asteroids\Scenes\SinglePlayer</Filter>
    </ClInclude>
  </ItemGroup>
  <ItemGroup>
    <Font Include="res\free-pixel.ttf">
      <Filter>Resources</Filter>
    </Font>
  </ItemGroup>
</Project>